
Microsoft Visual Studio Solution File, Format Version 12.00
# Visual Studio 15
VisualStudioVersion = 15.0.28307.1062
MinimumVisualStudioVersion = 10.0.40219.1
Project("{9A19103F-16F7-4668-BE54-9A1E7A4F7556}") = "smartfactory.test", "smartfactory.test\smartfactory.test.csproj", "{B694C36E-B344-4C8A-9A4B-69A2B92D3B90}"
EndProject
Project("{9A19103F-16F7-4668-BE54-9A1E7A4F7556}") = "SF.Utils", "SF.Utils\SF.Utils.csproj", "{FAA8BDA2-F9E3-4FEE-984D-C087F54A5943}"
EndProject
Project("{FAE04EC0-301F-11D3-BF4B-00C04F79EFBC}") = "SF.Utils.Tests", "SF.Utils.Tests\SF.Utils.Tests.csproj", "{884C8F0C-FA99-436F-AA19-D09B83005EF4}"
EndProject
Project("{FAE04EC0-301F-11D3-BF4B-00C04F79EFBC}") = "SF.AttendanceManagement", "SF.AttendanceManagement\SF.AttendanceManagement.csproj", "{988B249D-BB62-4D94-BF0C-33257FBAFE05}"
EndProject
Global
	GlobalSection(SolutionConfigurationPlatforms) = preSolution
		Debug|Any CPU = Debug|Any CPU
		Release|Any CPU = Release|Any CPU
	EndGlobalSection
	GlobalSection(ProjectConfigurationPlatforms) = postSolution
		{B694C36E-B344-4C8A-9A4B-69A2B92D3B90}.Debug|Any CPU.ActiveCfg = Debug|Any CPU
		{B694C36E-B344-4C8A-9A4B-69A2B92D3B90}.Debug|Any CPU.Build.0 = Debug|Any CPU
		{B694C36E-B344-4C8A-9A4B-69A2B92D3B90}.Release|Any CPU.ActiveCfg = Release|Any CPU
		{B694C36E-B344-4C8A-9A4B-69A2B92D3B90}.Release|Any CPU.Build.0 = Release|Any CPU
		{FAA8BDA2-F9E3-4FEE-984D-C087F54A5943}.Debug|Any CPU.ActiveCfg = Debug|Any CPU
		{FAA8BDA2-F9E3-4FEE-984D-C087F54A5943}.Debug|Any CPU.Build.0 = Debug|Any CPU
		{FAA8BDA2-F9E3-4FEE-984D-C087F54A5943}.Release|Any CPU.ActiveCfg = Release|Any CPU
		{FAA8BDA2-F9E3-4FEE-984D-C087F54A5943}.Release|Any CPU.Build.0 = Release|Any CPU
		{884C8F0C-FA99-436F-AA19-D09B83005EF4}.Debug|Any CPU.ActiveCfg = Debug|Any CPU
		{884C8F0C-FA99-436F-AA19-D09B83005EF4}.Debug|Any CPU.Build.0 = Debug|Any CPU
		{884C8F0C-FA99-436F-AA19-D09B83005EF4}.Release|Any CPU.ActiveCfg = Release|Any CPU
		{884C8F0C-FA99-436F-AA19-D09B83005EF4}.Release|Any CPU.Build.0 = Release|Any CPU
		{988B249D-BB62-4D94-BF0C-33257FBAFE05}.Debug|Any CPU.ActiveCfg = Debug|Any CPU
		{988B249D-BB62-4D94-BF0C-33257FBAFE05}.Debug|Any CPU.Build.0 = Debug|Any CPU
		{988B249D-BB62-4D94-BF0C-33257FBAFE05}.Release|Any CPU.ActiveCfg = Release|Any CPU
		{988B249D-BB62-4D94-BF0C-33257FBAFE05}.Release|Any CPU.Build.0 = Release|Any CPU
	EndGlobalSection
	GlobalSection(SolutionProperties) = preSolution
		HideSolutionNode = FALSE
	EndGlobalSection
	GlobalSection(ExtensibilityGlobals) = postSolution
		SolutionGuid = {FDB0B6A1-77E6-4871-940B-B0078E21004A}
	EndGlobalSection
EndGlobal
